// !$*UTF8*$!
{
	archiveVersion = 1;
	classes = {
	};
	objectVersion = 50;
	objects = {

/* Begin PBXBuildFile section */
		1D0E6F2D214881F600B688A7 /* BackroundCollectionViewCell.swift in Sources */ = {isa = PBXBuildFile; fileRef = 1D0E6F2B214881F600B688A7 /* BackroundCollectionViewCell.swift */; };
		1D0E6F2E214881F600B688A7 /* BackroundCollectionViewCell.xib in Resources */ = {isa = PBXBuildFile; fileRef = 1D0E6F2C214881F600B688A7 /* BackroundCollectionViewCell.xib */; };
		1D0E6F30214886C200B688A7 /* BackroundVC.swift in Sources */ = {isa = PBXBuildFile; fileRef = 1D0E6F2F214886C200B688A7 /* BackroundVC.swift */; };
		1D0E6F3221489C9C00B688A7 /* BackroundColorManager.swift in Sources */ = {isa = PBXBuildFile; fileRef = 1D0E6F3121489C9C00B688A7 /* BackroundColorManager.swift */; };
		1D4796C62141F5D500D4EE3A /* AppDelegate.swift in Sources */ = {isa = PBXBuildFile; fileRef = 1D4796C52141F5D500D4EE3A /* AppDelegate.swift */; };
		1D4796CB2141F5D500D4EE3A /* Main.storyboard in Resources */ = {isa = PBXBuildFile; fileRef = 1D4796C92141F5D500D4EE3A /* Main.storyboard */; };
		1D4796D02141F5D800D4EE3A /* LaunchScreen.storyboard in Resources */ = {isa = PBXBuildFile; fileRef = 1D4796CE2141F5D800D4EE3A /* LaunchScreen.storyboard */; };
		1D4796DA2141F70600D4EE3A /* StopWatchVC.swift in Sources */ = {isa = PBXBuildFile; fileRef = 1D4796D92141F70600D4EE3A /* StopWatchVC.swift */; };
		1D4BD84C214341A200CE19B5 /* SettingsVC.swift in Sources */ = {isa = PBXBuildFile; fileRef = 1D4BD84B214341A200CE19B5 /* SettingsVC.swift */; };
		1D89AF792149BA0F002D8235 /* XLanguage.swift in Sources */ = {isa = PBXBuildFile; fileRef = 1D89AF782149BA0F002D8235 /* XLanguage.swift */; };
		1D89AF7B2149C9EA002D8235 /* LanguageVC.swift in Sources */ = {isa = PBXBuildFile; fileRef = 1D89AF7A2149C9EA002D8235 /* LanguageVC.swift */; };
		1DB27F262147435D005AB179 /* Assets.xcassets in Resources */ = {isa = PBXBuildFile; fileRef = 1DB27F252147435D005AB179 /* Assets.xcassets */; };
		1DB27F2821475351005AB179 /* Mycolors.swift in Sources */ = {isa = PBXBuildFile; fileRef = 1DB27F2721475351005AB179 /* Mycolors.swift */; };
		1DB27F2A21475A66005AB179 /* XViewContoller.swift in Sources */ = {isa = PBXBuildFile; fileRef = 1DB27F2921475A66005AB179 /* XViewContoller.swift */; };
		1DCCE4562145F02D009920B3 /* SettingObj.swift in Sources */ = {isa = PBXBuildFile; fileRef = 1DCCE4552145F02D009920B3 /* SettingObj.swift */; };
		1DF70A862144984F003C9EB0 /* SettingTableViewCell.swift in Sources */ = {isa = PBXBuildFile; fileRef = 1DF70A842144984F003C9EB0 /* SettingTableViewCell.swift */; };
		1DF70A872144984F003C9EB0 /* SettingTableViewCell.xib in Resources */ = {isa = PBXBuildFile; fileRef = 1DF70A852144984F003C9EB0 /* SettingTableViewCell.xib */; };
/* End PBXBuildFile section */

/* Begin PBXFileReference section */
		1D0E6F2B214881F600B688A7 /* BackroundCollectionViewCell.swift */ = {isa = PBXFileReference; lastKnownFileType = sourcecode.swift; path = BackroundCollectionViewCell.swift; sourceTree = "<group>"; };
		1D0E6F2C214881F600B688A7 /* BackroundCollectionViewCell.xib */ = {isa = PBXFileReference; lastKnownFileType = file.xib; path = BackroundCollectionViewCell.xib; sourceTree = "<group>"; };
		1D0E6F2F214886C200B688A7 /* BackroundVC.swift */ = {isa = PBXFileReference; lastKnownFileType = sourcecode.swift; path = BackroundVC.swift; sourceTree = "<group>"; };
		1D0E6F3121489C9C00B688A7 /* BackroundColorManager.swift */ = {isa = PBXFileReference; lastKnownFileType = sourcecode.swift; path = BackroundColorManager.swift; sourceTree = "<group>"; };
		1D4796C22141F5D500D4EE3A /* StopWatchApp.app */ = {isa = PBXFileReference; explicitFileType = wrapper.application; includeInIndex = 0; path = StopWatchApp.app; sourceTree = BUILT_PRODUCTS_DIR; };
		1D4796C52141F5D500D4EE3A /* AppDelegate.swift */ = {isa = PBXFileReference; lastKnownFileType = sourcecode.swift; path = AppDelegate.swift; sourceTree = "<group>"; };
		1D4796CA2141F5D500D4EE3A /* Base */ = {isa = PBXFileReference; lastKnownFileType = file.storyboard; name = Base; path = Base.lproj/Main.storyboard; sourceTree = "<group>"; };
		1D4796CF2141F5D800D4EE3A /* Base */ = {isa = PBXFileReference; lastKnownFileType = file.storyboard; name = Base; path = Base.lproj/LaunchScreen.storyboard; sourceTree = "<group>"; };
		1D4796D12141F5D800D4EE3A /* Info.plist */ = {isa = PBXFileReference; lastKnownFileType = text.plist.xml; path = Info.plist; sourceTree = "<group>"; };
		1D4796D92141F70600D4EE3A /* StopWatchVC.swift */ = {isa = PBXFileReference; lastKnownFileType = sourcecode.swift; path = StopWatchVC.swift; sourceTree = "<group>"; };
		1D4BD84B214341A200CE19B5 /* SettingsVC.swift */ = {isa = PBXFileReference; lastKnownFileType = sourcecode.swift; path = SettingsVC.swift; sourceTree = "<group>"; };
		1D89AF782149BA0F002D8235 /* XLanguage.swift */ = {isa = PBXFileReference; lastKnownFileType = sourcecode.swift; path = XLanguage.swift; sourceTree = "<group>"; };
		1D89AF7A2149C9EA002D8235 /* LanguageVC.swift */ = {isa = PBXFileReference; lastKnownFileType = sourcecode.swift; path = LanguageVC.swift; sourceTree = "<group>"; };
		1DB27F252147435D005AB179 /* Assets.xcassets */ = {isa = PBXFileReference; lastKnownFileType = folder.assetcatalog; path = Assets.xcassets; sourceTree = "<group>"; };
		1DB27F2721475351005AB179 /* Mycolors.swift */ = {isa = PBXFileReference; lastKnownFileType = sourcecode.swift; path = Mycolors.swift; sourceTree = "<group>"; };
		1DB27F2921475A66005AB179 /* XViewContoller.swift */ = {isa = PBXFileReference; lastKnownFileType = sourcecode.swift; path = XViewContoller.swift; sourceTree = "<group>"; };
		1DCCE4552145F02D009920B3 /* SettingObj.swift */ = {isa = PBXFileReference; lastKnownFileType = sourcecode.swift; path = SettingObj.swift; sourceTree = "<group>"; };
		1DF70A842144984F003C9EB0 /* SettingTableViewCell.swift */ = {isa = PBXFileReference; lastKnownFileType = sourcecode.swift; path = SettingTableViewCell.swift; sourceTree = "<group>"; };
		1DF70A852144984F003C9EB0 /* SettingTableViewCell.xib */ = {isa = PBXFileReference; lastKnownFileType = file.xib; path = SettingTableViewCell.xib; sourceTree = "<group>"; };
/* End PBXFileReference section */

/* Begin PBXFrameworksBuildPhase section */
		1D4796BF2141F5D500D4EE3A /* Frameworks */ = {
			isa = PBXFrameworksBuildPhase;
			buildActionMask = 2147483647;
			files = (
			);
			runOnlyForDeploymentPostprocessing = 0;
		};
/* End PBXFrameworksBuildPhase section */

/* Begin PBXGroup section */
		1D4796B92141F5D500D4EE3A = {
			isa = PBXGroup;
			children = (
				1D4796C42141F5D500D4EE3A /* StopWatchApp */,
				1D4796C32141F5D500D4EE3A /* Products */,
			);
			sourceTree = "<group>";
		};
		1D4796C32141F5D500D4EE3A /* Products */ = {
			isa = PBXGroup;
			children = (
				1D4796C22141F5D500D4EE3A /* StopWatchApp.app */,
			);
			name = Products;
			sourceTree = "<group>";
		};
		1D4796C42141F5D500D4EE3A /* StopWatchApp */ = {
			isa = PBXGroup;
			children = (
				1DCCE4542145EFC7009920B3 /* object */,
				1D4BD84D214343AB00CE19B5 /* Cells */,
				1D4796D82141F6EA00D4EE3A /* VCs */,
				1D4796D72141F66B00D4EE3A /* Supported */,
				1D4796C92141F5D500D4EE3A /* Main.storyboard */,
				1DB27F252147435D005AB179 /* Assets.xcassets */,
			);
			path = StopWatchApp;
			sourceTree = "<group>";
		};
		1D4796D72141F66B00D4EE3A /* Supported */ = {
			isa = PBXGroup;
			children = (
				1D4796C52141F5D500D4EE3A /* AppDelegate.swift */,
				1D4796CE2141F5D800D4EE3A /* LaunchScreen.storyboard */,
				1D4796D12141F5D800D4EE3A /* Info.plist */,
			);
			name = Supported;
			sourceTree = "<group>";
		};
		1D4796D82141F6EA00D4EE3A /* VCs */ = {
			isa = PBXGroup;
			children = (
				1D4796D92141F70600D4EE3A /* StopWatchVC.swift */,
				1D4BD84B214341A200CE19B5 /* SettingsVC.swift */,
				1D0E6F2F214886C200B688A7 /* BackroundVC.swift */,
				1D89AF7A2149C9EA002D8235 /* LanguageVC.swift */,
			);
			path = VCs;
			sourceTree = "<group>";
		};
		1D4BD84D214343AB00CE19B5 /* Cells */ = {
			isa = PBXGroup;
			children = (
				1DF70A842144984F003C9EB0 /* SettingTableViewCell.swift */,
				1DF70A852144984F003C9EB0 /* SettingTableViewCell.xib */,
				1D0E6F2B214881F600B688A7 /* BackroundCollectionViewCell.swift */,
				1D0E6F2C214881F600B688A7 /* BackroundCollectionViewCell.xib */,
			);
			name = Cells;
			sourceTree = "<group>";
		};
		1DCCE4542145EFC7009920B3 /* object */ = {
			isa = PBXGroup;
			children = (
				1DB27F2721475351005AB179 /* Mycolors.swift */,
				1DCCE4552145F02D009920B3 /* SettingObj.swift */,
				1DB27F2921475A66005AB179 /* XViewContoller.swift */,
				1D0E6F3121489C9C00B688A7 /* BackroundColorManager.swift */,
				1D89AF782149BA0F002D8235 /* XLanguage.swift */,
			);
			path = object;
			sourceTree = "<group>";
		};
/* End PBXGroup section */

/* Begin PBXNativeTarget section */
		1D4796C12141F5D500D4EE3A /* StopWatchApp */ = {
			isa = PBXNativeTarget;
			buildConfigurationList = 1D4796D42141F5D800D4EE3A /* Build configuration list for PBXNativeTarget "StopWatchApp" */;
			buildPhases = (
				1D4796BE2141F5D500D4EE3A /* Sources */,
				1D4796BF2141F5D500D4EE3A /* Frameworks */,
				1D4796C02141F5D500D4EE3A /* Resources */,
			);
			buildRules = (
			);
			dependencies = (
			);
			name = StopWatchApp;
			productName = StopWatchApp;
			productReference = 1D4796C22141F5D500D4EE3A /* StopWatchApp.app */;
			productType = "com.apple.product-type.application";
		};
/* End PBXNativeTarget section */

/* Begin PBXProject section */
		1D4796BA2141F5D500D4EE3A /* Project object */ = {
			isa = PBXProject;
			attributes = {
				LastSwiftUpdateCheck = 0940;
				LastUpgradeCheck = 0940;
				ORGANIZATIONNAME = "mr Yacine";
				TargetAttributes = {
					1D4796C12141F5D500D4EE3A = {
						CreatedOnToolsVersion = 9.4.1;
					};
				};
			};
			buildConfigurationList = 1D4796BD2141F5D500D4EE3A /* Build configuration list for PBXProject "StopWatchApp" */;
			compatibilityVersion = "Xcode 9.3";
			developmentRegion = en;
			hasScannedForEncodings = 0;
			knownRegions = (
				en,
				Base,
			);
			mainGroup = 1D4796B92141F5D500D4EE3A;
			productRefGroup = 1D4796C32141F5D500D4EE3A /* Products */;
			projectDirPath = "";
			projectRoot = "";
			targets = (
				1D4796C12141F5D500D4EE3A /* StopWatchApp */,
			);
		};
/* End PBXProject section */

/* Begin PBXResourcesBuildPhase section */
		1D4796C02141F5D500D4EE3A /* Resources */ = {
			isa = PBXResourcesBuildPhase;
			buildActionMask = 2147483647;
			files = (
				1D4796D02141F5D800D4EE3A /* LaunchScreen.storyboard in Resources */,
				1DF70A872144984F003C9EB0 /* SettingTableViewCell.xib in Resources */,
				1D0E6F2E214881F600B688A7 /* BackroundCollectionViewCell.xib in Resources */,
				1DB27F262147435D005AB179 /* Assets.xcassets in Resources */,
				1D4796CB2141F5D500D4EE3A /* Main.storyboard in Resources */,
			);
			runOnlyForDeploymentPostprocessing = 0;
		};
/* End PBXResourcesBuildPhase section */

/* Begin PBXSourcesBuildPhase section */
		1D4796BE2141F5D500D4EE3A /* Sources */ = {
			isa = PBXSourcesBuildPhase;
			buildActionMask = 2147483647;
			files = (
				1D89AF792149BA0F002D8235 /* XLanguage.swift in Sources */,
				1D4796DA2141F70600D4EE3A /* StopWatchVC.swift in Sources */,
				1DB27F2821475351005AB179 /* Mycolors.swift in Sources */,
				1D4796C62141F5D500D4EE3A /* AppDelegate.swift in Sources */,
				1DCCE4562145F02D009920B3 /* SettingObj.swift in Sources */,
				1D0E6F2D214881F600B688A7 /* BackroundCollectionViewCell.swift in Sources */,
				1D0E6F3221489C9C00B688A7 /* BackroundColorManager.swift in Sources */,
				1DF70A862144984F003C9EB0 /* SettingTableViewCell.swift in Sources */,
				1D89AF7B2149C9EA002D8235 /* LanguageVC.swift in Sources */,
				1DB27F2A21475A66005AB179 /* XViewContoller.swift in Sources */,
				1D0E6F30214886C200B688A7 /* BackroundVC.swift in Sources */,
				1D4BD84C214341A200CE19B5 /* SettingsVC.swift in Sources */,
			);
			runOnlyForDeploymentPostprocessing = 0;
		};
/* End PBXSourcesBuildPhase section */

/* Begin PBXVariantGroup section */
		1D4796C92141F5D500D4EE3A /* Main.storyboard */ = {
			isa = PBXVariantGroup;
			children = (
				1D4796CA2141F5D500D4EE3A /* Base */,
			);
			name = Main.storyboard;
			sourceTree = "<group>";
		};
		1D4796CE2141F5D800D4EE3A /* LaunchScreen.storyboard */ = {
			isa = PBXVariantGroup;
			children = (
				1D4796CF2141F5D800D4EE3A /* Base */,
			);
			name = LaunchScreen.storyboard;
			sourceTree = "<group>";
		};
/* End PBXVariantGroup section */

/* Begin XCBuildConfiguration section */
		1D4796D22141F5D800D4EE3A /* Debug */ = {
			isa = XCBuildConfiguration;
			buildSettings = {
				ALWAYS_SEARCH_USER_PATHS = NO;
				CLANG_ANALYZER_NONNULL = YES;
				CLANG_ANALYZER_NUMBER_OBJECT_CONVERSION = YES_AGGRESSIVE;
				CLANG_CXX_LANGUAGE_STANDARD = "gnu++14";
				CLANG_CXX_LIBRARY = "libc++";
				CLANG_ENABLE_MODULES = YES;
				CLANG_ENABLE_OBJC_ARC = YES;
				CLANG_ENABLE_OBJC_WEAK = YES;
				CLANG_WARN_BLOCK_CAPTURE_AUTORELEASING = YES;
				CLANG_WARN_BOOL_CONVERSION = YES;
				CLANG_WARN_COMMA = YES;
				CLANG_WARN_CONSTANT_CONVERSION = YES;
				CLANG_WARN_DEPRECATED_OBJC_IMPLEMENTATIONS = YES;
				CLANG_WARN_DIRECT_OBJC_ISA_USAGE = YES_ERROR;
				CLANG_WARN_DOCUMENTATION_COMMENTS = YES;
				CLANG_WARN_EMPTY_BODY = YES;
				CLANG_WARN_ENUM_CONVERSION = YES;
				CLANG_WARN_INFINITE_RECURSION = YES;
				CLANG_WARN_INT_CONVERSION = YES;
				CLANG_WARN_NON_LITERAL_NULL_CONVERSION = YES;
				CLANG_WARN_OBJC_IMPLICIT_RETAIN_SELF = YES;
				CLANG_WARN_OBJC_LITERAL_CONVERSION = YES;
				CLANG_WARN_OBJC_ROOT_CLASS = YES_ERROR;
				CLANG_WARN_RANGE_LOOP_ANALYSIS = YES;
				CLANG_WARN_STRICT_PROTOTYPES = YES;
				CLANG_WARN_SUSPICIOUS_MOVE = YES;
				CLANG_WARN_UNGUARDED_AVAILABILITY = YES_AGGRESSIVE;
				CLANG_WARN_UNREACHABLE_CODE = YES;
				CLANG_WARN__DUPLICATE_METHOD_MATCH = YES;
				CODE_SIGN_IDENTITY = "iPhone Developer";
				COPY_PHASE_STRIP = NO;
				DEBUG_INFORMATION_FORMAT = dwarf;
				ENABLE_STRICT_OBJC_MSGSEND = YES;
				ENABLE_TESTABILITY = YES;
				GCC_C_LANGUAGE_STANDARD = gnu11;
				GCC_DYNAMIC_NO_PIC = NO;
				GCC_NO_COMMON_BLOCKS = YES;
				GCC_OPTIMIZATION_LEVEL = 0;
				GCC_PREPROCESSOR_DEFINITIONS = (
					"DEBUG=1",
					"$(inherited)",
				);
				GCC_WARN_64_TO_32_BIT_CONVERSION = YES;
				GCC_WARN_ABOUT_RETURN_TYPE = YES_ERROR;
				GCC_WARN_UNDECLARED_SELECTOR = YES;
				GCC_WARN_UNINITIALIZED_AUTOS = YES_AGGRESSIVE;
				GCC_WARN_UNUSED_FUNCTION = YES;
				GCC_WARN_UNUSED_VARIABLE = YES;
				IPHONEOS_DEPLOYMENT_TARGET = 11.4;
				MTL_ENABLE_DEBUG_INFO = YES;
				ONLY_ACTIVE_ARCH = YES;
				SDKROOT = iphoneos;
				SWIFT_ACTIVE_COMPILATION_CONDITIONS = DEBUG;
				SWIFT_OPTIMIZATION_LEVEL = "-Onone";
			};
			name = Debug;
		};
		1D4796D32141F5D800D4EE3A /* Release */ = {
			isa = XCBuildConfiguration;
			buildSettings = {
				ALWAYS_SEARCH_USER_PATHS = NO;
				CLANG_ANALYZER_NONNULL = YES;
				CLANG_ANALYZER_NUMBER_OBJECT_CONVERSION = YES_AGGRESSIVE;
				CLANG_CXX_LANGUAGE_STANDARD = "gnu++14";
				CLANG_CXX_LIBRARY = "libc++";
				CLANG_ENABLE_MODULES = YES;
				CLANG_ENABLE_OBJC_ARC = YES;
				CLANG_ENABLE_OBJC_WEAK = YES;
				CLANG_WARN_BLOCK_CAPTURE_AUTORELEASING = YES;
				CLANG_WARN_BOOL_CONVERSION = YES;
				CLANG_WARN_COMMA = YES;
				CLANG_WARN_CONSTANT_CONVERSION = YES;
				CLANG_WARN_DEPRECATED_OBJC_IMPLEMENTATIONS = YES;
				CLANG_WARN_DIRECT_OBJC_ISA_USAGE = YES_ERROR;
				CLANG_WARN_DOCUMENTATION_COMMENTS = YES;
				CLANG_WARN_EMPTY_BODY = YES;
				CLANG_WARN_ENUM_CONVERSION = YES;
				CLANG_WARN_INFINITE_RECURSION = YES;
				CLANG_WARN_INT_CONVERSION = YES;
				CLANG_WARN_NON_LITERAL_NULL_CONVERSION = YES;
				CLANG_WARN_OBJC_IMPLICIT_RETAIN_SELF = YES;
				CLANG_WARN_OBJC_LITERAL_CONVERSION = YES;
				CLANG_WARN_OBJC_ROOT_CLASS = YES_ERROR;
				CLANG_WARN_RANGE_LOOP_ANALYSIS = YES;
				CLANG_WARN_STRICT_PROTOTYPES = YES;
				CLANG_WARN_SUSPICIOUS_MOVE = YES;
				CLANG_WARN_UNGUARDED_AVAILABILITY = YES_AGGRESSIVE;
				CLANG_WARN_UNREACHABLE_CODE = YES;
				CLANG_WARN__DUPLICATE_METHOD_MATCH = YES;
				CODE_SIGN_IDENTITY = "iPhone Developer";
				COPY_PHASE_STRIP = NO;
				DEBUG_INFORMATION_FORMAT = "dwarf-with-dsym";
				ENABLE_NS_ASSERTIONS = NO;
				ENABLE_STRICT_OBJC_MSGSEND = YES;
				GCC_C_LANGUAGE_STANDARD = gnu11;
				GCC_NO_COMMON_BLOCKS = YES;
				GCC_WARN_64_TO_32_BIT_CONVERSION = YES;
				GCC_WARN_ABOUT_RETURN_TYPE = YES_ERROR;
				GCC_WARN_UNDECLARED_SELECTOR = YES;
				GCC_WARN_UNINITIALIZED_AUTOS = YES_AGGRESSIVE;
				GCC_WARN_UNUSED_FUNCTION = YES;
				GCC_WARN_UNUSED_VARIABLE = YES;
				IPHONEOS_DEPLOYMENT_TARGET = 11.4;
				MTL_ENABLE_DEBUG_INFO = NO;
				SDKROOT = iphoneos;
				SWIFT_COMPILATION_MODE = wholemodule;
				SWIFT_OPTIMIZATION_LEVEL = "-O";
				VALIDATE_PRODUCT = YES;
			};
			name = Release;
		};
		1D4796D52141F5D800D4EE3A /* Debug */ = {
			isa = XCBuildConfiguration;
			buildSettings = {
				ASSETCATALOG_COMPILER_APPICON_NAME = AppIcon;
				CODE_SIGN_STYLE = Automatic;
				DEVELOPMENT_TEAM = QZC9R363F7;
				INFOPLIST_FILE = StopWatchApp/Info.plist;
				IPHONEOS_DEPLOYMENT_TARGET = 10.0;
				LD_RUNPATH_SEARCH_PATHS = (
					"$(inherited)",
					"@executable_path/Frameworks",
				);
				PRODUCT_BUNDLE_IDENTIFIER = sos.StopWatchApp;
				PRODUCT_NAME = "$(TARGET_NAME)";
				SWIFT_VERSION = 4.0;
				TARGETED_DEVICE_FAMILY = "1,2";
			};
			name = Debug;
		};
		1D4796D62141F5D800D4EE3A /* Release */ = {
			isa = XCBuildConfiguration;
			buildSettings = {
				ASSETCATALOG_COMPILER_APPICON_NAME = AppIcon;
				CODE_SIGN_STYLE = Automatic;
				DEVELOPMENT_TEAM = QZC9R363F7;
				INFOPLIST_FILE = StopWatchApp/Info.plist;
				IPHONEOS_DEPLOYMENT_TARGET = 10.0;
				LD_RUNPATH_SEARCH_PATHS = (
					"$(inherited)",
					"@executable_path/Frameworks",
				);
				PRODUCT_BUNDLE_IDENTIFIER = sos.StopWatchApp;
				PRODUCT_NAME = "$(TARGET_NAME)";
				SWIFT_VERSION = 4.0;
				TARGETED_DEVICE_FAMILY = "1,2";
			};
			name = Release;
		};
/* End XCBuildConfiguration section */

/* Begin XCConfigurationList section */
		1D4796BD2141F5D500D4EE3A /* Build configuration list for PBXProject "StopWatchApp" */ = {
			isa = XCConfigurationList;
			buildConfigurations = (
				1D4796D22141F5D800D4EE3A /* Debug */,
				1D4796D32141F5D800D4EE3A /* Release */,
			);
			defaultConfigurationIsVisible = 0;
			defaultConfigurationName = Release;
		};
		1D4796D42141F5D800D4EE3A /* Build configuration list for PBXNativeTarget "StopWatchApp" */ = {
			isa = XCConfigurationList;
			buildConfigurations = (
				1D4796D52141F5D800D4EE3A /* Debug */,
				1D4796D62141F5D800D4EE3A /* Release */,
			);
			defaultConfigurationIsVisible = 0;
			defaultConfigurationName = Release;
		};
/* End XCConfigurationList section */
	};
	rootObject = 1D4796BA2141F5D500D4EE3A /* Project object */;
}
